<?xml version="1.0" encoding="utf-8"?>
<Project ToolsVersion="4.0" xmlns="http://schemas.microsoft.com/developer/msbuild/2003">
  <ItemGroup>
    <Filter Include="Source Files">
      <UniqueIdentifier>{4FC737F1-C7A5-4376-A066-2A32D752A2FF}</UniqueIdentifier>
      <Extensions>cpp;c;cc;cxx;def;odl;idl;hpj;bat;asm;asmx</Extensions>
    </Filter>
    <Filter Include="Header Files">
      <UniqueIdentifier>{93995380-89BD-4b04-88EB-625FBE52EBFB}</UniqueIdentifier>
      <Extensions>h;hh;hpp;hxx;hm;inl;inc;xsd</Extensions>
    </Filter>
    <Filter Include="Resource Files">
      <UniqueIdentifier>{67DA6AB6-F800-4c08-8B7A-83BB121AAD01}</UniqueIdentifier>
      <Extensions>rc;ico;cur;bmp;dlg;rc2;rct;bin;rgs;gif;jpg;jpeg;jpe;resx;tiff;tif;png;wav</Extensions>
    </Filter>
  </ItemGroup>
  <ItemGroup>
    <ClCompile Include="examples\bench\bench_div.cpp">
      <Filter>Source Files</Filter>
    </ClCompile>
    <ClCompile Include="fuzz\t27_fuzz_div.cpp">
      <Filter>Source Files</Filter>
    </ClCompile>
    <ClCompile Include="src\t27-core\convert.cpp">
      <Filter>Source Files</Filter>
    </ClCompile>
    <ClCompile Include="src\t27-core\div.cpp">
      <Filter>Source Files</Filter>
    </ClCompile>
    <ClCompile Include="src\t27-core\div3k.cpp">
      <Filter>Source Files</Filter>
    </ClCompile>
    <ClCompile Include="src\t27-core\div_round.cpp">
      <Filter>Source Files</Filter>
    </ClCompile>
    <ClCompile Include="src\t27-core\fixed.cpp">
      <Filter>Source Files</Filter>
    </ClCompile>
    <ClCompile Include="src\t27-core\ops.cpp">
      <Filter>Source Files</Filter>
    </ClCompile>
    <ClCompile Include="src\t27-core\placeholder.cpp">
      <Filter>Source Files</Filter>
    </ClCompile>
    <ClCompile Include="tests\placeholder.cpp">
      <Filter>Source Files</Filter>
    </ClCompile>
    <ClCompile Include="tests\test_div3k.cpp">
      <Filter>Source Files</Filter>
    </ClCompile>
    <ClCompile Include="tests\test_divmod.cpp">
      <Filter>Source Files</Filter>
    </ClCompile>
    <ClCompile Include="tests\test_div_extra.cpp">
      <Filter>Source Files</Filter>
    </ClCompile>
    <ClCompile Include="tests\test_div_round.cpp">
      <Filter>Source Files</Filter>
    </ClCompile>
    <ClCompile Include="tests\test_fixed.cpp">
      <Filter>Source Files</Filter>
    </ClCompile>
    <ClCompile Include="tests\test_fixed_shifts.cpp">
      <Filter>Source Files</Filter>
    </ClCompile>
    <ClCompile Include="tests\test_main.cpp">
      <Filter>Source Files</Filter>
    </ClCompile>
  </ItemGroup>
  <ItemGroup>
    <ClInclude Include="include\t27\num\convert.hpp">
      <Filter>Header Files</Filter>
    </ClInclude>
    <ClInclude Include="include\t27\num\div.hpp">
      <Filter>Header Files</Filter>
    </ClInclude>
    <ClInclude Include="include\t27\num\div3k.hpp">
      <Filter>Header Files</Filter>
    </ClInclude>
    <ClInclude Include="include\t27\num\div_long.hpp">
      <Filter>Header Files</Filter>
    </ClInclude>
    <ClInclude Include="include\t27\num\div_long_strict.hpp">
      <Filter>Header Files</Filter>
    </ClInclude>
    <ClInclude Include="include\t27\num\fixed.hpp">
      <Filter>Header Files</Filter>
    </ClInclude>
    <ClInclude Include="include\t27\num\ops.hpp">
      <Filter>Header Files</Filter>
    </ClInclude>
    <ClInclude Include="include\t27\num\placeholder.hpp">
      <Filter>Header Files</Filter>
    </ClInclude>
    <ClInclude Include="include\t27\num\trit.hpp">
      <Filter>Header Files</Filter>
    </ClInclude>
    <ClInclude Include="include\t27\num\tword.hpp">
      <Filter>Header Files</Filter>
    </ClInclude>
    <ClInclude Include="include\t27\util\conv_int.hpp">
      <Filter>Header Files</Filter>
    </ClInclude>
    <ClInclude Include="include\t27\util\print.hpp">
      <Filter>Header Files</Filter>
    </ClInclude>
  </ItemGroup>
</Project>